
Microsoft Visual Studio Solution File, Format Version 12.00
# Visual Studio Version 17
VisualStudioVersion = 17.5.33424.131
MinimumVisualStudioVersion = 10.0.40219.1
Project("{9A19103F-16F7-4668-BE54-9A1E7A4F7556}") = "BusinessAutomationApp", "BusinessAutomationApp\BusinessAutomationApp.csproj", "{6B6A28F6-10B3-4743-86B3-4E07F188EA82}"
EndProject
Project("{9A19103F-16F7-4668-BE54-9A1E7A4F7556}") = "BusinessAutomation.Models", "BusinessAutomation.Models\BusinessAutomation.Models.csproj", "{D7A42F69-716B-48F8-ACE7-D9DD92EC7DF3}"
EndProject
Project("{9A19103F-16F7-4668-BE54-9A1E7A4F7556}") = "BusinessAutomation.Database", "BusinessAutomation.Database\BusinessAutomation.Database.csproj", "{03265481-91CA-4065-8967-5B59488A8846}"
EndProject
Project("{9A19103F-16F7-4668-BE54-9A1E7A4F7556}") = "BusinessAutomation.TestConsole", "BusinessAutomation.TestConsole\BusinessAutomation.TestConsole.csproj", "{F9DF6DE4-B43E-4CF1-9906-4BC4442D0EBE}"
EndProject
Project("{9A19103F-16F7-4668-BE54-9A1E7A4F7556}") = "BusinessAutomation.Repositories", "BusinessAutomation.Repositories\BusinessAutomation.Repositories.csproj", "{C4A6E8BC-C9CD-41A5-9764-2EFB23380591}"
EndProject
Project("{9A19103F-16F7-4668-BE54-9A1E7A4F7556}") = "BusinessAutomation.Repositories.Abstractions", "BusinessAutomation.Repositories.Abstractions\BusinessAutomation.Repositories.Abstractions.csproj", "{AF5D9E42-97AA-4103-8487-9C35E5E7094F}"
EndProject
Project("{FAE04EC0-301F-11D3-BF4B-00C04F79EFBC}") = "BusinessAutomation.Services.Abstractions", "BusinessAutomation.Services.Abstractions\BusinessAutomation.Services.Abstractions.csproj", "{D351E045-1945-4801-999F-4537868F060D}"
EndProject
Project("{FAE04EC0-301F-11D3-BF4B-00C04F79EFBC}") = "BusinessAutomation.Services", "BusinessAutomation.Services\BusinessAutomation.Services.csproj", "{2D27A48A-B4F8-4506-B90E-E5359AAD9310}"
EndProject
Global
	GlobalSection(SolutionConfigurationPlatforms) = preSolution
		Debug|Any CPU = Debug|Any CPU
		Release|Any CPU = Release|Any CPU
	EndGlobalSection
	GlobalSection(ProjectConfigurationPlatforms) = postSolution
		{6B6A28F6-10B3-4743-86B3-4E07F188EA82}.Debug|Any CPU.ActiveCfg = Debug|Any CPU
		{6B6A28F6-10B3-4743-86B3-4E07F188EA82}.Debug|Any CPU.Build.0 = Debug|Any CPU
		{6B6A28F6-10B3-4743-86B3-4E07F188EA82}.Release|Any CPU.ActiveCfg = Release|Any CPU
		{6B6A28F6-10B3-4743-86B3-4E07F188EA82}.Release|Any CPU.Build.0 = Release|Any CPU
		{D7A42F69-716B-48F8-ACE7-D9DD92EC7DF3}.Debug|Any CPU.ActiveCfg = Debug|Any CPU
		{D7A42F69-716B-48F8-ACE7-D9DD92EC7DF3}.Debug|Any CPU.Build.0 = Debug|Any CPU
		{D7A42F69-716B-48F8-ACE7-D9DD92EC7DF3}.Release|Any CPU.ActiveCfg = Release|Any CPU
		{D7A42F69-716B-48F8-ACE7-D9DD92EC7DF3}.Release|Any CPU.Build.0 = Release|Any CPU
		{03265481-91CA-4065-8967-5B59488A8846}.Debug|Any CPU.ActiveCfg = Debug|Any CPU
		{03265481-91CA-4065-8967-5B59488A8846}.Debug|Any CPU.Build.0 = Debug|Any CPU
		{03265481-91CA-4065-8967-5B59488A8846}.Release|Any CPU.ActiveCfg = Release|Any CPU
		{03265481-91CA-4065-8967-5B59488A8846}.Release|Any CPU.Build.0 = Release|Any CPU
		{F9DF6DE4-B43E-4CF1-9906-4BC4442D0EBE}.Debug|Any CPU.ActiveCfg = Debug|Any CPU
		{F9DF6DE4-B43E-4CF1-9906-4BC4442D0EBE}.Debug|Any CPU.Build.0 = Debug|Any CPU
		{F9DF6DE4-B43E-4CF1-9906-4BC4442D0EBE}.Release|Any CPU.ActiveCfg = Release|Any CPU
		{F9DF6DE4-B43E-4CF1-9906-4BC4442D0EBE}.Release|Any CPU.Build.0 = Release|Any CPU
		{C4A6E8BC-C9CD-41A5-9764-2EFB23380591}.Debug|Any CPU.ActiveCfg = Debug|Any CPU
		{C4A6E8BC-C9CD-41A5-9764-2EFB23380591}.Debug|Any CPU.Build.0 = Debug|Any CPU
		{C4A6E8BC-C9CD-41A5-9764-2EFB23380591}.Release|Any CPU.ActiveCfg = Release|Any CPU
		{C4A6E8BC-C9CD-41A5-9764-2EFB23380591}.Release|Any CPU.Build.0 = Release|Any CPU
		{AF5D9E42-97AA-4103-8487-9C35E5E7094F}.Debug|Any CPU.ActiveCfg = Debug|Any CPU
		{AF5D9E42-97AA-4103-8487-9C35E5E7094F}.Debug|Any CPU.Build.0 = Debug|Any CPU
		{AF5D9E42-97AA-4103-8487-9C35E5E7094F}.Release|Any CPU.ActiveCfg = Release|Any CPU
		{AF5D9E42-97AA-4103-8487-9C35E5E7094F}.Release|Any CPU.Build.0 = Release|Any CPU
		{D351E045-1945-4801-999F-4537868F060D}.Debug|Any CPU.ActiveCfg = Debug|Any CPU
		{D351E045-1945-4801-999F-4537868F060D}.Debug|Any CPU.Build.0 = Debug|Any CPU
		{D351E045-1945-4801-999F-4537868F060D}.Release|Any CPU.ActiveCfg = Release|Any CPU
		{D351E045-1945-4801-999F-4537868F060D}.Release|Any CPU.Build.0 = Release|Any CPU
		{2D27A48A-B4F8-4506-B90E-E5359AAD9310}.Debug|Any CPU.ActiveCfg = Debug|Any CPU
		{2D27A48A-B4F8-4506-B90E-E5359AAD9310}.Debug|Any CPU.Build.0 = Debug|Any CPU
		{2D27A48A-B4F8-4506-B90E-E5359AAD9310}.Release|Any CPU.ActiveCfg = Release|Any CPU
		{2D27A48A-B4F8-4506-B90E-E5359AAD9310}.Release|Any CPU.Build.0 = Release|Any CPU
	EndGlobalSection
	GlobalSection(SolutionProperties) = preSolution
		HideSolutionNode = FALSE
	EndGlobalSection
	GlobalSection(ExtensibilityGlobals) = postSolution
		SolutionGuid = {00CA4EF0-01F2-46C9-A8CB-2B877331969B}
	EndGlobalSection
EndGlobal
